
Microsoft Visual Studio Solution File, Format Version 12.00
#
Project("{FAE04EC0-301F-11D3-BF4B-00C04F79EFBC}") = "api", "api\api.csproj", "{099827CD-F81D-4AD2-9769-77C6561417BD}"
EndProject
Project("{FAE04EC0-301F-11D3-BF4B-00C04F79EFBC}") = "tests", "tests\tests.csproj", "{5E43013B-E99E-4A02-BA5E-B1E46BC7E2DA}"
EndProject
Project("{FAE04EC0-301F-11D3-BF4B-00C04F79EFBC}") = "IndependentHelpers", "IndependentHelpers\IndependentHelpers.csproj", "{71C7E2B8-4465-4B7C-9509-D89DEC73883B}"
EndProject
Project("{FAE04EC0-301F-11D3-BF4B-00C04F79EFBC}") = "BootstrappingHelpers", "BootstrappingHelpers\BootstrappingHelpers.csproj", "{3EDBFBD7-D092-4165-AF22-A2BBB1D0B60B}"
EndProject
Project("{FAE04EC0-301F-11D3-BF4B-00C04F79EFBC}") = "ApiHelpers", "ApiHelpers\ApiHelpers.csproj", "{DEBA50BE-64E8-4E4F-9FF8-47551443D797}"
EndProject
Global
	GlobalSection(SolutionConfigurationPlatforms) = preSolution
		Debug|Any CPU = Debug|Any CPU
		Release|Any CPU = Release|Any CPU
	EndGlobalSection
	GlobalSection(ProjectConfigurationPlatforms) = postSolution
		{6A554011-8A3A-4AB6-B9F7-7714B8993727}.Debug|Any CPU.ActiveCfg = Debug|Any CPU
		{6A554011-8A3A-4AB6-B9F7-7714B8993727}.Debug|Any CPU.Build.0 = Debug|Any CPU
		{6A554011-8A3A-4AB6-B9F7-7714B8993727}.Release|Any CPU.ActiveCfg = Release|Any CPU
		{6A554011-8A3A-4AB6-B9F7-7714B8993727}.Release|Any CPU.Build.0 = Release|Any CPU
		{2B9DD74D-93F6-4403-B24A-5A614DD5EBF5}.Debug|Any CPU.ActiveCfg = Debug|Any CPU
		{2B9DD74D-93F6-4403-B24A-5A614DD5EBF5}.Debug|Any CPU.Build.0 = Debug|Any CPU
		{2B9DD74D-93F6-4403-B24A-5A614DD5EBF5}.Release|Any CPU.ActiveCfg = Release|Any CPU
		{2B9DD74D-93F6-4403-B24A-5A614DD5EBF5}.Release|Any CPU.Build.0 = Release|Any CPU
		{099827CD-F81D-4AD2-9769-77C6561417BD}.Debug|Any CPU.ActiveCfg = Debug|Any CPU
		{099827CD-F81D-4AD2-9769-77C6561417BD}.Debug|Any CPU.Build.0 = Debug|Any CPU
		{099827CD-F81D-4AD2-9769-77C6561417BD}.Release|Any CPU.ActiveCfg = Release|Any CPU
		{099827CD-F81D-4AD2-9769-77C6561417BD}.Release|Any CPU.Build.0 = Release|Any CPU
		{5E43013B-E99E-4A02-BA5E-B1E46BC7E2DA}.Debug|Any CPU.ActiveCfg = Debug|Any CPU
		{5E43013B-E99E-4A02-BA5E-B1E46BC7E2DA}.Debug|Any CPU.Build.0 = Debug|Any CPU
		{5E43013B-E99E-4A02-BA5E-B1E46BC7E2DA}.Release|Any CPU.ActiveCfg = Release|Any CPU
		{5E43013B-E99E-4A02-BA5E-B1E46BC7E2DA}.Release|Any CPU.Build.0 = Release|Any CPU
		{71C7E2B8-4465-4B7C-9509-D89DEC73883B}.Debug|Any CPU.ActiveCfg = Debug|Any CPU
		{71C7E2B8-4465-4B7C-9509-D89DEC73883B}.Debug|Any CPU.Build.0 = Debug|Any CPU
		{71C7E2B8-4465-4B7C-9509-D89DEC73883B}.Release|Any CPU.ActiveCfg = Release|Any CPU
		{71C7E2B8-4465-4B7C-9509-D89DEC73883B}.Release|Any CPU.Build.0 = Release|Any CPU
		{3EDBFBD7-D092-4165-AF22-A2BBB1D0B60B}.Debug|Any CPU.ActiveCfg = Debug|Any CPU
		{3EDBFBD7-D092-4165-AF22-A2BBB1D0B60B}.Debug|Any CPU.Build.0 = Debug|Any CPU
		{3EDBFBD7-D092-4165-AF22-A2BBB1D0B60B}.Release|Any CPU.ActiveCfg = Release|Any CPU
		{3EDBFBD7-D092-4165-AF22-A2BBB1D0B60B}.Release|Any CPU.Build.0 = Release|Any CPU
		{DEBA50BE-64E8-4E4F-9FF8-47551443D797}.Debug|Any CPU.ActiveCfg = Debug|Any CPU
		{DEBA50BE-64E8-4E4F-9FF8-47551443D797}.Debug|Any CPU.Build.0 = Debug|Any CPU
		{DEBA50BE-64E8-4E4F-9FF8-47551443D797}.Release|Any CPU.ActiveCfg = Release|Any CPU
		{DEBA50BE-64E8-4E4F-9FF8-47551443D797}.Release|Any CPU.Build.0 = Release|Any CPU
	EndGlobalSection
	GlobalSection(NestedProjects) = preSolution
		{099827CD-F81D-4AD2-9769-77C6561417BD} = {25DE05E7-A203-46EF-BF5E-92FB3C270D96}
		{5E43013B-E99E-4A02-BA5E-B1E46BC7E2DA} = {25DE05E7-A203-46EF-BF5E-92FB3C270D96}
	EndGlobalSection
EndGlobal
